
Microsoft Visual Studio Solution File, Format Version 12.00
# Visual Studio Version 17
VisualStudioVersion = 17.1.32228.430
MinimumVisualStudioVersion = 10.0.40219.1
Project("{F184B08F-C81C-45F6-A57F-5ABD9991F28F}") = "EjercicioPractica", "EjercicioPractica\EjercicioPractica.vbproj", "{B686CB11-2D6C-414E-AFF8-506036EC7529}"
EndProject
Global
	GlobalSection(SolutionConfigurationPlatforms) = preSolution
		Debug|Any CPU = Debug|Any CPU
		Release|Any CPU = Release|Any CPU
	EndGlobalSection
	GlobalSection(ProjectConfigurationPlatforms) = postSolution
		{B686CB11-2D6C-414E-AFF8-506036EC7529}.Debug|Any CPU.ActiveCfg = Debug|Any CPU
		{B686CB11-2D6C-414E-AFF8-506036EC7529}.Debug|Any CPU.Build.0 = Debug|Any CPU
		{B686CB11-2D6C-414E-AFF8-506036EC7529}.Release|Any CPU.ActiveCfg = Release|Any CPU
		{B686CB11-2D6C-414E-AFF8-506036EC7529}.Release|Any CPU.Build.0 = Release|Any CPU
	EndGlobalSection
	GlobalSection(SolutionProperties) = preSolution
		HideSolutionNode = FALSE
	EndGlobalSection
	GlobalSection(ExtensibilityGlobals) = postSolution
		SolutionGuid = {F7FB9A10-9C89-4BDD-921C-77FC16FCCE5F}
	EndGlobalSection
EndGlobal
