
Microsoft Visual Studio Solution File, Format Version 12.00
# Visual Studio Version 17
VisualStudioVersion = 17.1.32228.430
MinimumVisualStudioVersion = 10.0.40219.1
Project("{F184B08F-C81C-45F6-A57F-5ABD9991F28F}") = "Ejercicio5", "Ejercicio5\Ejercicio5.vbproj", "{E71AC07E-F35E-4EB9-B683-FD72C5A187BE}"
EndProject
Global
	GlobalSection(SolutionConfigurationPlatforms) = preSolution
		Debug|Any CPU = Debug|Any CPU
		Release|Any CPU = Release|Any CPU
	EndGlobalSection
	GlobalSection(ProjectConfigurationPlatforms) = postSolution
		{E71AC07E-F35E-4EB9-B683-FD72C5A187BE}.Debug|Any CPU.ActiveCfg = Debug|Any CPU
		{E71AC07E-F35E-4EB9-B683-FD72C5A187BE}.Debug|Any CPU.Build.0 = Debug|Any CPU
		{E71AC07E-F35E-4EB9-B683-FD72C5A187BE}.Release|Any CPU.ActiveCfg = Release|Any CPU
		{E71AC07E-F35E-4EB9-B683-FD72C5A187BE}.Release|Any CPU.Build.0 = Release|Any CPU
	EndGlobalSection
	GlobalSection(SolutionProperties) = preSolution
		HideSolutionNode = FALSE
	EndGlobalSection
	GlobalSection(ExtensibilityGlobals) = postSolution
		SolutionGuid = {91338033-542A-44BE-9DA1-8836189704BC}
	EndGlobalSection
EndGlobal
