
Microsoft Visual Studio Solution File, Format Version 12.00
# Visual Studio Version 17
VisualStudioVersion = 17.1.32228.430
MinimumVisualStudioVersion = 10.0.40219.1
Project("{F184B08F-C81C-45F6-A57F-5ABD9991F28F}") = "Ejercicio6", "Ejercicio6\Ejercicio6.vbproj", "{6A7544CE-DD40-4E08-8C6F-99DFB4CA3D9C}"
EndProject
Global
	GlobalSection(SolutionConfigurationPlatforms) = preSolution
		Debug|Any CPU = Debug|Any CPU
		Release|Any CPU = Release|Any CPU
	EndGlobalSection
	GlobalSection(ProjectConfigurationPlatforms) = postSolution
		{6A7544CE-DD40-4E08-8C6F-99DFB4CA3D9C}.Debug|Any CPU.ActiveCfg = Debug|Any CPU
		{6A7544CE-DD40-4E08-8C6F-99DFB4CA3D9C}.Debug|Any CPU.Build.0 = Debug|Any CPU
		{6A7544CE-DD40-4E08-8C6F-99DFB4CA3D9C}.Release|Any CPU.ActiveCfg = Release|Any CPU
		{6A7544CE-DD40-4E08-8C6F-99DFB4CA3D9C}.Release|Any CPU.Build.0 = Release|Any CPU
	EndGlobalSection
	GlobalSection(SolutionProperties) = preSolution
		HideSolutionNode = FALSE
	EndGlobalSection
	GlobalSection(ExtensibilityGlobals) = postSolution
		SolutionGuid = {844083CF-0EFB-4973-9FD0-E86389A1E0B4}
	EndGlobalSection
EndGlobal
